
Microsoft Visual Studio Solution File, Format Version 12.00
# Visual Studio 15
VisualStudioVersion = 15.0.26124.0
MinimumVisualStudioVersion = 15.0.26124.0
Project("{FAE04EC0-301F-11D3-BF4B-00C04F79EFBC}") = "Shoes.API", "Shoes.API\Shoes.API.csproj", "{5EBE4569-360C-4526-8A6D-C6A8B8A38B4D}"
EndProject
Project("{FAE04EC0-301F-11D3-BF4B-00C04F79EFBC}") = "Shoes.Domain", "Shoes.Domain\Shoes.Domain.csproj", "{F1897323-04A0-4A51-8A14-BE1B3D211E2C}"
EndProject
Project("{FAE04EC0-301F-11D3-BF4B-00C04F79EFBC}") = "Shoes.Persistence", "Shoes.Persistence\Shoes.Persistence.csproj", "{D89BBBB3-D540-4249-B68C-8AB49C816AF5}"
EndProject
Project("{FAE04EC0-301F-11D3-BF4B-00C04F79EFBC}") = "Shoes.Application", "Shoes.Application\Shoes.Application.csproj", "{4A83FBFB-4724-4EF3-A4B8-E9961C970EE5}"
EndProject
Global
	GlobalSection(SolutionConfigurationPlatforms) = preSolution
		Debug|Any CPU = Debug|Any CPU
		Debug|x64 = Debug|x64
		Debug|x86 = Debug|x86
		Release|Any CPU = Release|Any CPU
		Release|x64 = Release|x64
		Release|x86 = Release|x86
	EndGlobalSection
	GlobalSection(SolutionProperties) = preSolution
		HideSolutionNode = FALSE
	EndGlobalSection
	GlobalSection(ProjectConfigurationPlatforms) = postSolution
		{5EBE4569-360C-4526-8A6D-C6A8B8A38B4D}.Debug|Any CPU.ActiveCfg = Debug|Any CPU
		{5EBE4569-360C-4526-8A6D-C6A8B8A38B4D}.Debug|Any CPU.Build.0 = Debug|Any CPU
		{5EBE4569-360C-4526-8A6D-C6A8B8A38B4D}.Debug|x64.ActiveCfg = Debug|Any CPU
		{5EBE4569-360C-4526-8A6D-C6A8B8A38B4D}.Debug|x64.Build.0 = Debug|Any CPU
		{5EBE4569-360C-4526-8A6D-C6A8B8A38B4D}.Debug|x86.ActiveCfg = Debug|Any CPU
		{5EBE4569-360C-4526-8A6D-C6A8B8A38B4D}.Debug|x86.Build.0 = Debug|Any CPU
		{5EBE4569-360C-4526-8A6D-C6A8B8A38B4D}.Release|Any CPU.ActiveCfg = Release|Any CPU
		{5EBE4569-360C-4526-8A6D-C6A8B8A38B4D}.Release|Any CPU.Build.0 = Release|Any CPU
		{5EBE4569-360C-4526-8A6D-C6A8B8A38B4D}.Release|x64.ActiveCfg = Release|Any CPU
		{5EBE4569-360C-4526-8A6D-C6A8B8A38B4D}.Release|x64.Build.0 = Release|Any CPU
		{5EBE4569-360C-4526-8A6D-C6A8B8A38B4D}.Release|x86.ActiveCfg = Release|Any CPU
		{5EBE4569-360C-4526-8A6D-C6A8B8A38B4D}.Release|x86.Build.0 = Release|Any CPU
		{F1897323-04A0-4A51-8A14-BE1B3D211E2C}.Debug|Any CPU.ActiveCfg = Debug|Any CPU
		{F1897323-04A0-4A51-8A14-BE1B3D211E2C}.Debug|Any CPU.Build.0 = Debug|Any CPU
		{F1897323-04A0-4A51-8A14-BE1B3D211E2C}.Debug|x64.ActiveCfg = Debug|Any CPU
		{F1897323-04A0-4A51-8A14-BE1B3D211E2C}.Debug|x64.Build.0 = Debug|Any CPU
		{F1897323-04A0-4A51-8A14-BE1B3D211E2C}.Debug|x86.ActiveCfg = Debug|Any CPU
		{F1897323-04A0-4A51-8A14-BE1B3D211E2C}.Debug|x86.Build.0 = Debug|Any CPU
		{F1897323-04A0-4A51-8A14-BE1B3D211E2C}.Release|Any CPU.ActiveCfg = Release|Any CPU
		{F1897323-04A0-4A51-8A14-BE1B3D211E2C}.Release|Any CPU.Build.0 = Release|Any CPU
		{F1897323-04A0-4A51-8A14-BE1B3D211E2C}.Release|x64.ActiveCfg = Release|Any CPU
		{F1897323-04A0-4A51-8A14-BE1B3D211E2C}.Release|x64.Build.0 = Release|Any CPU
		{F1897323-04A0-4A51-8A14-BE1B3D211E2C}.Release|x86.ActiveCfg = Release|Any CPU
		{F1897323-04A0-4A51-8A14-BE1B3D211E2C}.Release|x86.Build.0 = Release|Any CPU
		{D89BBBB3-D540-4249-B68C-8AB49C816AF5}.Debug|Any CPU.ActiveCfg = Debug|Any CPU
		{D89BBBB3-D540-4249-B68C-8AB49C816AF5}.Debug|Any CPU.Build.0 = Debug|Any CPU
		{D89BBBB3-D540-4249-B68C-8AB49C816AF5}.Debug|x64.ActiveCfg = Debug|Any CPU
		{D89BBBB3-D540-4249-B68C-8AB49C816AF5}.Debug|x64.Build.0 = Debug|Any CPU
		{D89BBBB3-D540-4249-B68C-8AB49C816AF5}.Debug|x86.ActiveCfg = Debug|Any CPU
		{D89BBBB3-D540-4249-B68C-8AB49C816AF5}.Debug|x86.Build.0 = Debug|Any CPU
		{D89BBBB3-D540-4249-B68C-8AB49C816AF5}.Release|Any CPU.ActiveCfg = Release|Any CPU
		{D89BBBB3-D540-4249-B68C-8AB49C816AF5}.Release|Any CPU.Build.0 = Release|Any CPU
		{D89BBBB3-D540-4249-B68C-8AB49C816AF5}.Release|x64.ActiveCfg = Release|Any CPU
		{D89BBBB3-D540-4249-B68C-8AB49C816AF5}.Release|x64.Build.0 = Release|Any CPU
		{D89BBBB3-D540-4249-B68C-8AB49C816AF5}.Release|x86.ActiveCfg = Release|Any CPU
		{D89BBBB3-D540-4249-B68C-8AB49C816AF5}.Release|x86.Build.0 = Release|Any CPU
		{4A83FBFB-4724-4EF3-A4B8-E9961C970EE5}.Debug|Any CPU.ActiveCfg = Debug|Any CPU
		{4A83FBFB-4724-4EF3-A4B8-E9961C970EE5}.Debug|Any CPU.Build.0 = Debug|Any CPU
		{4A83FBFB-4724-4EF3-A4B8-E9961C970EE5}.Debug|x64.ActiveCfg = Debug|Any CPU
		{4A83FBFB-4724-4EF3-A4B8-E9961C970EE5}.Debug|x64.Build.0 = Debug|Any CPU
		{4A83FBFB-4724-4EF3-A4B8-E9961C970EE5}.Debug|x86.ActiveCfg = Debug|Any CPU
		{4A83FBFB-4724-4EF3-A4B8-E9961C970EE5}.Debug|x86.Build.0 = Debug|Any CPU
		{4A83FBFB-4724-4EF3-A4B8-E9961C970EE5}.Release|Any CPU.ActiveCfg = Release|Any CPU
		{4A83FBFB-4724-4EF3-A4B8-E9961C970EE5}.Release|Any CPU.Build.0 = Release|Any CPU
		{4A83FBFB-4724-4EF3-A4B8-E9961C970EE5}.Release|x64.ActiveCfg = Release|Any CPU
		{4A83FBFB-4724-4EF3-A4B8-E9961C970EE5}.Release|x64.Build.0 = Release|Any CPU
		{4A83FBFB-4724-4EF3-A4B8-E9961C970EE5}.Release|x86.ActiveCfg = Release|Any CPU
		{4A83FBFB-4724-4EF3-A4B8-E9961C970EE5}.Release|x86.Build.0 = Release|Any CPU
	EndGlobalSection
EndGlobal
